
Microsoft Visual Studio Solution File, Format Version 12.00
# Visual Studio Version 16
VisualStudioVersion = 16.0.30907.101
MinimumVisualStudioVersion = 10.0.40219.1
Project("{9A19103F-16F7-4668-BE54-9A1E7A4F7556}") = "PdfCreationDemo", "PdfCreationDemo\PdfCreationDemo.csproj", "{4C3BCF6B-E46F-41DC-94CE-99CFF8D02EA6}"
EndProject
Project("{FAE04EC0-301F-11D3-BF4B-00C04F79EFBC}") = "PDFGenerationService", "PDFGenerationService\PDFGenerationService.csproj", "{BC6FEEFE-AF3E-44B8-BE40-0FE655A6B177}"
EndProject
Global
	GlobalSection(SolutionConfigurationPlatforms) = preSolution
		Debug|Any CPU = Debug|Any CPU
		Release|Any CPU = Release|Any CPU
	EndGlobalSection
	GlobalSection(ProjectConfigurationPlatforms) = postSolution
		{4C3BCF6B-E46F-41DC-94CE-99CFF8D02EA6}.Debug|Any CPU.ActiveCfg = Debug|Any CPU
		{4C3BCF6B-E46F-41DC-94CE-99CFF8D02EA6}.Debug|Any CPU.Build.0 = Debug|Any CPU
		{4C3BCF6B-E46F-41DC-94CE-99CFF8D02EA6}.Release|Any CPU.ActiveCfg = Release|Any CPU
		{4C3BCF6B-E46F-41DC-94CE-99CFF8D02EA6}.Release|Any CPU.Build.0 = Release|Any CPU
		{BC6FEEFE-AF3E-44B8-BE40-0FE655A6B177}.Debug|Any CPU.ActiveCfg = Debug|Any CPU
		{BC6FEEFE-AF3E-44B8-BE40-0FE655A6B177}.Debug|Any CPU.Build.0 = Debug|Any CPU
		{BC6FEEFE-AF3E-44B8-BE40-0FE655A6B177}.Release|Any CPU.ActiveCfg = Release|Any CPU
		{BC6FEEFE-AF3E-44B8-BE40-0FE655A6B177}.Release|Any CPU.Build.0 = Release|Any CPU
	EndGlobalSection
	GlobalSection(SolutionProperties) = preSolution
		HideSolutionNode = FALSE
	EndGlobalSection
	GlobalSection(ExtensibilityGlobals) = postSolution
		SolutionGuid = {155018D7-6FF1-4FFC-AD95-DC2178A941F9}
	EndGlobalSection
EndGlobal
